
Microsoft Visual Studio Solution File, Format Version 12.00
# Visual Studio Version 16
VisualStudioVersion = 16.0.30611.23
MinimumVisualStudioVersion = 10.0.40219.1
Project("{FAE04EC0-301F-11D3-BF4B-00C04F79EFBC}") = "M17", "M17\M17.csproj", "{0901E8AA-C978-4172-974E-6259813B9188}"
EndProject
Project("{FAE04EC0-301F-11D3-BF4B-00C04F79EFBC}") = "F01", "F01\F01.csproj", "{7EE900AF-C5BB-4C28-A529-4169E8C9B78A}"
EndProject
Project("{FAE04EC0-301F-11D3-BF4B-00C04F79EFBC}") = "F02", "F02\F02.csproj", "{8EC2CC7A-EB06-464D-B363-CB1C87782D28}"
EndProject
Project("{FAE04EC0-301F-11D3-BF4B-00C04F79EFBC}") = "F03", "F03\F03.csproj", "{A3F162F8-8388-4995-9CD1-3952B396ADEF}"
EndProject
Project("{FAE04EC0-301F-11D3-BF4B-00C04F79EFBC}") = "F04", "F04\F04.csproj", "{8C798F61-B3F0-4195-BDA7-F5B6E4622850}"
EndProject
Project("{FAE04EC0-301F-11D3-BF4B-00C04F79EFBC}") = "F05", "F05\F05.csproj", "{29F49094-F9C4-4491-B5E5-36310FF40727}"
EndProject
Project("{FAE04EC0-301F-11D3-BF4B-00C04F79EFBC}") = "M01", "M01\M01.csproj", "{543D2B50-0F1B-40A8-A0A7-10823973F7B0}"
EndProject
Project("{FAE04EC0-301F-11D3-BF4B-00C04F79EFBC}") = "M02", "M02\M02.csproj", "{4240566C-FCFD-4EB5-A1D5-2ADC4EB29AED}"
EndProject
Project("{FAE04EC0-301F-11D3-BF4B-00C04F79EFBC}") = "M03", "M03\M03.csproj", "{231E4FA3-0F67-432F-993E-6984B952FD24}"
EndProject
Project("{FAE04EC0-301F-11D3-BF4B-00C04F79EFBC}") = "M04", "M04\M04.csproj", "{956938A3-C784-4C01-AB48-251795D62FD2}"
EndProject
Project("{FAE04EC0-301F-11D3-BF4B-00C04F79EFBC}") = "M05", "M05\M05.csproj", "{EFEF2E4E-D6EE-4618-BECF-46465BFA6485}"
EndProject
Project("{FAE04EC0-301F-11D3-BF4B-00C04F79EFBC}") = "M06", "M06\M06.csproj", "{B6F2D625-7D19-4B79-9C3B-56BAD4A31F1B}"
EndProject
Project("{FAE04EC0-301F-11D3-BF4B-00C04F79EFBC}") = "M07", "M07\M07.csproj", "{759DFBA2-B95B-4254-A091-DF436F1DA547}"
EndProject
Project("{FAE04EC0-301F-11D3-BF4B-00C04F79EFBC}") = "M08", "M08\M08.csproj", "{44CC1105-EB29-4F54-9749-FB27E9A44192}"
EndProject
Project("{FAE04EC0-301F-11D3-BF4B-00C04F79EFBC}") = "M09", "M09\M09.csproj", "{DD299025-2944-476B-9FDB-613742D17954}"
EndProject
Project("{FAE04EC0-301F-11D3-BF4B-00C04F79EFBC}") = "M10", "M10\M10.csproj", "{D4BDDE0F-5D50-4CFB-AF02-E06023C72427}"
EndProject
Project("{FAE04EC0-301F-11D3-BF4B-00C04F79EFBC}") = "M11", "M11\M11.csproj", "{83C205BC-EBE2-4431-B57B-545772819184}"
EndProject
Project("{FAE04EC0-301F-11D3-BF4B-00C04F79EFBC}") = "M12", "M12\M12.csproj", "{838B18CA-5DDF-464C-8B0F-149E7D3DFF6A}"
EndProject
Project("{FAE04EC0-301F-11D3-BF4B-00C04F79EFBC}") = "M13", "M13\M13.csproj", "{A3C2C92A-1D80-427C-B092-F5ED1B1835F8}"
EndProject
Project("{FAE04EC0-301F-11D3-BF4B-00C04F79EFBC}") = "M14", "M14\M14.csproj", "{5405845C-086F-4E85-AFE7-26F32A227746}"
EndProject
Project("{FAE04EC0-301F-11D3-BF4B-00C04F79EFBC}") = "M15", "M15\M15.csproj", "{F931CC83-6CF9-4838-880A-DFB199F11C78}"
EndProject
Project("{FAE04EC0-301F-11D3-BF4B-00C04F79EFBC}") = "MDS00", "MDS00\MDS00.csproj", "{DDD31D86-D14C-41CF-AC75-576FB1D537AC}"
EndProject
Project("{FAE04EC0-301F-11D3-BF4B-00C04F79EFBC}") = "M16", "M16\M16.csproj", "{BC434D43-3351-4A60-A47B-C7BBA29CFA2A}"
EndProject
Project("{FAE04EC0-301F-11D3-BF4B-00C04F79EFBC}") = "DEV01", "DEV01\DEV01.csproj", "{12120B65-5261-4384-A222-EF254D929B48}"
EndProject
Project("{FAE04EC0-301F-11D3-BF4B-00C04F79EFBC}") = "MPS01", "MPS01\MPS01.csproj", "{E3827F97-86CE-4A22-92BE-DB661D99C4B6}"
EndProject
Project("{FAE04EC0-301F-11D3-BF4B-00C04F79EFBC}") = "DEV02", "DEV02\DEV02.csproj", "{EEFE3530-0156-444A-96B6-1F7A4AD63D41}"
EndProject
Project("{FAE04EC0-301F-11D3-BF4B-00C04F79EFBC}") = "DEV03", "DEV03\DEV03.csproj", "{0ADB9106-1A7B-4922-8DBA-18DCCC8498CA}"
EndProject
Global
	GlobalSection(SolutionConfigurationPlatforms) = preSolution
		Debug|Any CPU = Debug|Any CPU
		Release|Any CPU = Release|Any CPU
	EndGlobalSection
	GlobalSection(ProjectConfigurationPlatforms) = postSolution
		{0901E8AA-C978-4172-974E-6259813B9188}.Debug|Any CPU.ActiveCfg = Debug|Any CPU
		{0901E8AA-C978-4172-974E-6259813B9188}.Debug|Any CPU.Build.0 = Debug|Any CPU
		{0901E8AA-C978-4172-974E-6259813B9188}.Release|Any CPU.ActiveCfg = Release|Any CPU
		{0901E8AA-C978-4172-974E-6259813B9188}.Release|Any CPU.Build.0 = Release|Any CPU
		{7EE900AF-C5BB-4C28-A529-4169E8C9B78A}.Debug|Any CPU.ActiveCfg = Debug|Any CPU
		{7EE900AF-C5BB-4C28-A529-4169E8C9B78A}.Debug|Any CPU.Build.0 = Debug|Any CPU
		{7EE900AF-C5BB-4C28-A529-4169E8C9B78A}.Release|Any CPU.ActiveCfg = Release|Any CPU
		{7EE900AF-C5BB-4C28-A529-4169E8C9B78A}.Release|Any CPU.Build.0 = Release|Any CPU
		{8EC2CC7A-EB06-464D-B363-CB1C87782D28}.Debug|Any CPU.ActiveCfg = Debug|Any CPU
		{8EC2CC7A-EB06-464D-B363-CB1C87782D28}.Debug|Any CPU.Build.0 = Debug|Any CPU
		{8EC2CC7A-EB06-464D-B363-CB1C87782D28}.Release|Any CPU.ActiveCfg = Release|Any CPU
		{8EC2CC7A-EB06-464D-B363-CB1C87782D28}.Release|Any CPU.Build.0 = Release|Any CPU
		{A3F162F8-8388-4995-9CD1-3952B396ADEF}.Debug|Any CPU.ActiveCfg = Debug|Any CPU
		{A3F162F8-8388-4995-9CD1-3952B396ADEF}.Debug|Any CPU.Build.0 = Debug|Any CPU
		{A3F162F8-8388-4995-9CD1-3952B396ADEF}.Release|Any CPU.ActiveCfg = Release|Any CPU
		{A3F162F8-8388-4995-9CD1-3952B396ADEF}.Release|Any CPU.Build.0 = Release|Any CPU
		{8C798F61-B3F0-4195-BDA7-F5B6E4622850}.Debug|Any CPU.ActiveCfg = Debug|Any CPU
		{8C798F61-B3F0-4195-BDA7-F5B6E4622850}.Debug|Any CPU.Build.0 = Debug|Any CPU
		{8C798F61-B3F0-4195-BDA7-F5B6E4622850}.Release|Any CPU.ActiveCfg = Release|Any CPU
		{8C798F61-B3F0-4195-BDA7-F5B6E4622850}.Release|Any CPU.Build.0 = Release|Any CPU
		{29F49094-F9C4-4491-B5E5-36310FF40727}.Debug|Any CPU.ActiveCfg = Debug|Any CPU
		{29F49094-F9C4-4491-B5E5-36310FF40727}.Debug|Any CPU.Build.0 = Debug|Any CPU
		{29F49094-F9C4-4491-B5E5-36310FF40727}.Release|Any CPU.ActiveCfg = Release|Any CPU
		{29F49094-F9C4-4491-B5E5-36310FF40727}.Release|Any CPU.Build.0 = Release|Any CPU
		{543D2B50-0F1B-40A8-A0A7-10823973F7B0}.Debug|Any CPU.ActiveCfg = Debug|Any CPU
		{543D2B50-0F1B-40A8-A0A7-10823973F7B0}.Debug|Any CPU.Build.0 = Debug|Any CPU
		{543D2B50-0F1B-40A8-A0A7-10823973F7B0}.Release|Any CPU.ActiveCfg = Release|Any CPU
		{543D2B50-0F1B-40A8-A0A7-10823973F7B0}.Release|Any CPU.Build.0 = Release|Any CPU
		{4240566C-FCFD-4EB5-A1D5-2ADC4EB29AED}.Debug|Any CPU.ActiveCfg = Debug|Any CPU
		{4240566C-FCFD-4EB5-A1D5-2ADC4EB29AED}.Debug|Any CPU.Build.0 = Debug|Any CPU
		{4240566C-FCFD-4EB5-A1D5-2ADC4EB29AED}.Release|Any CPU.ActiveCfg = Release|Any CPU
		{4240566C-FCFD-4EB5-A1D5-2ADC4EB29AED}.Release|Any CPU.Build.0 = Release|Any CPU
		{231E4FA3-0F67-432F-993E-6984B952FD24}.Debug|Any CPU.ActiveCfg = Debug|Any CPU
		{231E4FA3-0F67-432F-993E-6984B952FD24}.Debug|Any CPU.Build.0 = Debug|Any CPU
		{231E4FA3-0F67-432F-993E-6984B952FD24}.Release|Any CPU.ActiveCfg = Release|Any CPU
		{231E4FA3-0F67-432F-993E-6984B952FD24}.Release|Any CPU.Build.0 = Release|Any CPU
		{956938A3-C784-4C01-AB48-251795D62FD2}.Debug|Any CPU.ActiveCfg = Debug|Any CPU
		{956938A3-C784-4C01-AB48-251795D62FD2}.Debug|Any CPU.Build.0 = Debug|Any CPU
		{956938A3-C784-4C01-AB48-251795D62FD2}.Release|Any CPU.ActiveCfg = Release|Any CPU
		{956938A3-C784-4C01-AB48-251795D62FD2}.Release|Any CPU.Build.0 = Release|Any CPU
		{EFEF2E4E-D6EE-4618-BECF-46465BFA6485}.Debug|Any CPU.ActiveCfg = Debug|Any CPU
		{EFEF2E4E-D6EE-4618-BECF-46465BFA6485}.Debug|Any CPU.Build.0 = Debug|Any CPU
		{EFEF2E4E-D6EE-4618-BECF-46465BFA6485}.Release|Any CPU.ActiveCfg = Release|Any CPU
		{EFEF2E4E-D6EE-4618-BECF-46465BFA6485}.Release|Any CPU.Build.0 = Release|Any CPU
		{B6F2D625-7D19-4B79-9C3B-56BAD4A31F1B}.Debug|Any CPU.ActiveCfg = Debug|Any CPU
		{B6F2D625-7D19-4B79-9C3B-56BAD4A31F1B}.Debug|Any CPU.Build.0 = Debug|Any CPU
		{B6F2D625-7D19-4B79-9C3B-56BAD4A31F1B}.Release|Any CPU.ActiveCfg = Release|Any CPU
		{B6F2D625-7D19-4B79-9C3B-56BAD4A31F1B}.Release|Any CPU.Build.0 = Release|Any CPU
		{759DFBA2-B95B-4254-A091-DF436F1DA547}.Debug|Any CPU.ActiveCfg = Debug|Any CPU
		{759DFBA2-B95B-4254-A091-DF436F1DA547}.Debug|Any CPU.Build.0 = Debug|Any CPU
		{759DFBA2-B95B-4254-A091-DF436F1DA547}.Release|Any CPU.ActiveCfg = Release|Any CPU
		{759DFBA2-B95B-4254-A091-DF436F1DA547}.Release|Any CPU.Build.0 = Release|Any CPU
		{44CC1105-EB29-4F54-9749-FB27E9A44192}.Debug|Any CPU.ActiveCfg = Debug|Any CPU
		{44CC1105-EB29-4F54-9749-FB27E9A44192}.Debug|Any CPU.Build.0 = Debug|Any CPU
		{44CC1105-EB29-4F54-9749-FB27E9A44192}.Release|Any CPU.ActiveCfg = Release|Any CPU
		{44CC1105-EB29-4F54-9749-FB27E9A44192}.Release|Any CPU.Build.0 = Release|Any CPU
		{DD299025-2944-476B-9FDB-613742D17954}.Debug|Any CPU.ActiveCfg = Debug|Any CPU
		{DD299025-2944-476B-9FDB-613742D17954}.Debug|Any CPU.Build.0 = Debug|Any CPU
		{DD299025-2944-476B-9FDB-613742D17954}.Release|Any CPU.ActiveCfg = Release|Any CPU
		{DD299025-2944-476B-9FDB-613742D17954}.Release|Any CPU.Build.0 = Release|Any CPU
		{D4BDDE0F-5D50-4CFB-AF02-E06023C72427}.Debug|Any CPU.ActiveCfg = Debug|Any CPU
		{D4BDDE0F-5D50-4CFB-AF02-E06023C72427}.Debug|Any CPU.Build.0 = Debug|Any CPU
		{D4BDDE0F-5D50-4CFB-AF02-E06023C72427}.Release|Any CPU.ActiveCfg = Release|Any CPU
		{D4BDDE0F-5D50-4CFB-AF02-E06023C72427}.Release|Any CPU.Build.0 = Release|Any CPU
		{83C205BC-EBE2-4431-B57B-545772819184}.Debug|Any CPU.ActiveCfg = Debug|Any CPU
		{83C205BC-EBE2-4431-B57B-545772819184}.Debug|Any CPU.Build.0 = Debug|Any CPU
		{83C205BC-EBE2-4431-B57B-545772819184}.Release|Any CPU.ActiveCfg = Release|Any CPU
		{83C205BC-EBE2-4431-B57B-545772819184}.Release|Any CPU.Build.0 = Release|Any CPU
		{838B18CA-5DDF-464C-8B0F-149E7D3DFF6A}.Debug|Any CPU.ActiveCfg = Debug|Any CPU
		{838B18CA-5DDF-464C-8B0F-149E7D3DFF6A}.Debug|Any CPU.Build.0 = Debug|Any CPU
		{838B18CA-5DDF-464C-8B0F-149E7D3DFF6A}.Release|Any CPU.ActiveCfg = Release|Any CPU
		{838B18CA-5DDF-464C-8B0F-149E7D3DFF6A}.Release|Any CPU.Build.0 = Release|Any CPU
		{A3C2C92A-1D80-427C-B092-F5ED1B1835F8}.Debug|Any CPU.ActiveCfg = Debug|Any CPU
		{A3C2C92A-1D80-427C-B092-F5ED1B1835F8}.Debug|Any CPU.Build.0 = Debug|Any CPU
		{A3C2C92A-1D80-427C-B092-F5ED1B1835F8}.Release|Any CPU.ActiveCfg = Release|Any CPU
		{A3C2C92A-1D80-427C-B092-F5ED1B1835F8}.Release|Any CPU.Build.0 = Release|Any CPU
		{5405845C-086F-4E85-AFE7-26F32A227746}.Debug|Any CPU.ActiveCfg = Debug|Any CPU
		{5405845C-086F-4E85-AFE7-26F32A227746}.Debug|Any CPU.Build.0 = Debug|Any CPU
		{5405845C-086F-4E85-AFE7-26F32A227746}.Release|Any CPU.ActiveCfg = Release|Any CPU
		{5405845C-086F-4E85-AFE7-26F32A227746}.Release|Any CPU.Build.0 = Release|Any CPU
		{F931CC83-6CF9-4838-880A-DFB199F11C78}.Debug|Any CPU.ActiveCfg = Debug|Any CPU
		{F931CC83-6CF9-4838-880A-DFB199F11C78}.Debug|Any CPU.Build.0 = Debug|Any CPU
		{F931CC83-6CF9-4838-880A-DFB199F11C78}.Release|Any CPU.ActiveCfg = Release|Any CPU
		{F931CC83-6CF9-4838-880A-DFB199F11C78}.Release|Any CPU.Build.0 = Release|Any CPU
		{DDD31D86-D14C-41CF-AC75-576FB1D537AC}.Debug|Any CPU.ActiveCfg = Debug|Any CPU
		{DDD31D86-D14C-41CF-AC75-576FB1D537AC}.Debug|Any CPU.Build.0 = Debug|Any CPU
		{DDD31D86-D14C-41CF-AC75-576FB1D537AC}.Release|Any CPU.ActiveCfg = Release|Any CPU
		{DDD31D86-D14C-41CF-AC75-576FB1D537AC}.Release|Any CPU.Build.0 = Release|Any CPU
		{BC434D43-3351-4A60-A47B-C7BBA29CFA2A}.Debug|Any CPU.ActiveCfg = Debug|Any CPU
		{BC434D43-3351-4A60-A47B-C7BBA29CFA2A}.Debug|Any CPU.Build.0 = Debug|Any CPU
		{BC434D43-3351-4A60-A47B-C7BBA29CFA2A}.Release|Any CPU.ActiveCfg = Release|Any CPU
		{BC434D43-3351-4A60-A47B-C7BBA29CFA2A}.Release|Any CPU.Build.0 = Release|Any CPU
		{12120B65-5261-4384-A222-EF254D929B48}.Debug|Any CPU.ActiveCfg = Debug|Any CPU
		{12120B65-5261-4384-A222-EF254D929B48}.Debug|Any CPU.Build.0 = Debug|Any CPU
		{12120B65-5261-4384-A222-EF254D929B48}.Release|Any CPU.ActiveCfg = Release|Any CPU
		{12120B65-5261-4384-A222-EF254D929B48}.Release|Any CPU.Build.0 = Release|Any CPU
		{E3827F97-86CE-4A22-92BE-DB661D99C4B6}.Debug|Any CPU.ActiveCfg = Debug|Any CPU
		{E3827F97-86CE-4A22-92BE-DB661D99C4B6}.Debug|Any CPU.Build.0 = Debug|Any CPU
		{E3827F97-86CE-4A22-92BE-DB661D99C4B6}.Release|Any CPU.ActiveCfg = Release|Any CPU
		{E3827F97-86CE-4A22-92BE-DB661D99C4B6}.Release|Any CPU.Build.0 = Release|Any CPU
		{EEFE3530-0156-444A-96B6-1F7A4AD63D41}.Debug|Any CPU.ActiveCfg = Debug|Any CPU
		{EEFE3530-0156-444A-96B6-1F7A4AD63D41}.Debug|Any CPU.Build.0 = Debug|Any CPU
		{EEFE3530-0156-444A-96B6-1F7A4AD63D41}.Release|Any CPU.ActiveCfg = Release|Any CPU
		{EEFE3530-0156-444A-96B6-1F7A4AD63D41}.Release|Any CPU.Build.0 = Release|Any CPU
		{0ADB9106-1A7B-4922-8DBA-18DCCC8498CA}.Debug|Any CPU.ActiveCfg = Debug|Any CPU
		{0ADB9106-1A7B-4922-8DBA-18DCCC8498CA}.Debug|Any CPU.Build.0 = Debug|Any CPU
		{0ADB9106-1A7B-4922-8DBA-18DCCC8498CA}.Release|Any CPU.ActiveCfg = Release|Any CPU
		{0ADB9106-1A7B-4922-8DBA-18DCCC8498CA}.Release|Any CPU.Build.0 = Release|Any CPU
	EndGlobalSection
	GlobalSection(SolutionProperties) = preSolution
		HideSolutionNode = FALSE
	EndGlobalSection
	GlobalSection(ExtensibilityGlobals) = postSolution
		SolutionGuid = {E6C35453-2F01-40C0-9853-94D701952952}
	EndGlobalSection
EndGlobal
